// !$*UTF8*$!
{
	archiveVersion = 1;
	classes = {
	};
	objectVersion = 46;
	objects = {

/* Begin PBXBuildFile section */
		A2094742195E66BE00D48425 /* AppDelegate.swift in Sources */ = {isa = PBXBuildFile; fileRef = A2094741195E66BE00D48425 /* AppDelegate.swift */; };
		A2094744195E66BE00D48425 /* ViewController.swift in Sources */ = {isa = PBXBuildFile; fileRef = A2094743195E66BE00D48425 /* ViewController.swift */; };
		A2094747195E66BE00D48425 /* Main.storyboard in Resources */ = {isa = PBXBuildFile; fileRef = A2094745195E66BE00D48425 /* Main.storyboard */; };
		A2094749195E66BE00D48425 /* Images.xcassets in Resources */ = {isa = PBXBuildFile; fileRef = A2094748195E66BE00D48425 /* Images.xcassets */; };
		A2094755195E66BF00D48425 /* IntroductionSwiftTests.swift in Sources */ = {isa = PBXBuildFile; fileRef = A2094754195E66BF00D48425 /* IntroductionSwiftTests.swift */; };
		A209475F195E66CF00D48425 /* Person.swift in Sources */ = {isa = PBXBuildFile; fileRef = A209475E195E66CF00D48425 /* Person.swift */; };
/* End PBXBuildFile section */

/* Begin PBXContainerItemProxy section */
		A209474F195E66BF00D48425 /* PBXContainerItemProxy */ = {
			isa = PBXContainerItemProxy;
			containerPortal = A2094734195E66BE00D48425 /* Project object */;
			proxyType = 1;
			remoteGlobalIDString = A209473B195E66BE00D48425;
			remoteInfo = IntroductionSwift;
		};
/* End PBXContainerItemProxy section */

/* Begin PBXFileReference section */
		A209473C195E66BE00D48425 /* IntroductionSwift.app */ = {isa = PBXFileReference; explicitFileType = wrapper.application; includeInIndex = 0; path = IntroductionSwift.app; sourceTree = BUILT_PRODUCTS_DIR; };
		A2094740195E66BE00D48425 /* Info.plist */ = {isa = PBXFileReference; lastKnownFileType = text.plist.xml; path = Info.plist; sourceTree = "<group>"; };
		A2094741195E66BE00D48425 /* AppDelegate.swift */ = {isa = PBXFileReference; lastKnownFileType = sourcecode.swift; path = AppDelegate.swift; sourceTree = "<group>"; };
		A2094743195E66BE00D48425 /* ViewController.swift */ = {isa = PBXFileReference; lastKnownFileType = sourcecode.swift; path = ViewController.swift; sourceTree = "<group>"; };
		A2094746195E66BE00D48425 /* Base */ = {isa = PBXFileReference; lastKnownFileType = file.storyboard; name = Base; path = Base.lproj/Main.storyboard; sourceTree = "<group>"; };
		A2094748195E66BE00D48425 /* Images.xcassets */ = {isa = PBXFileReference; lastKnownFileType = folder.assetcatalog; path = Images.xcassets; sourceTree = "<group>"; };
		A209474E195E66BF00D48425 /* IntroductionSwiftTests.xctest */ = {isa = PBXFileReference; explicitFileType = wrapper.cfbundle; includeInIndex = 0; path = IntroductionSwiftTests.xctest; sourceTree = BUILT_PRODUCTS_DIR; };
		A2094753195E66BF00D48425 /* Info.plist */ = {isa = PBXFileReference; lastKnownFileType = text.plist.xml; path = Info.plist; sourceTree = "<group>"; };
		A2094754195E66BF00D48425 /* IntroductionSwiftTests.swift */ = {isa = PBXFileReference; lastKnownFileType = sourcecode.swift; path = IntroductionSwiftTests.swift; sourceTree = "<group>"; };
		A209475E195E66CF00D48425 /* Person.swift */ = {isa = PBXFileReference; fileEncoding = 4; lastKnownFileType = sourcecode.swift; name = Person.swift; path = ../Person.swift; sourceTree = "<group>"; };
/* End PBXFileReference section */

/* Begin PBXFrameworksBuildPhase section */
		A2094739195E66BE00D48425 /* Frameworks */ = {
			isa = PBXFrameworksBuildPhase;
			buildActionMask = 2147483647;
			files = (
			);
			runOnlyForDeploymentPostprocessing = 0;
		};
		A209474B195E66BF00D48425 /* Frameworks */ = {
			isa = PBXFrameworksBuildPhase;
			buildActionMask = 2147483647;
			files = (
			);
			runOnlyForDeploymentPostprocessing = 0;
		};
/* End PBXFrameworksBuildPhase section */

/* Begin PBXGroup section */
		A2094733195E66BE00D48425 = {
			isa = PBXGroup;
			children = (
				A209473E195E66BE00D48425 /* IntroductionSwift */,
				A2094751195E66BF00D48425 /* IntroductionSwiftTests */,
				A209473D195E66BE00D48425 /* Products */,
			);
			sourceTree = "<group>";
		};
		A209473D195E66BE00D48425 /* Products */ = {
			isa = PBXGroup;
			children = (
				A209473C195E66BE00D48425 /* IntroductionSwift.app */,
				A209474E195E66BF00D48425 /* IntroductionSwiftTests.xctest */,
			);
			name = Products;
			sourceTree = "<group>";
		};
		A209473E195E66BE00D48425 /* IntroductionSwift */ = {
			isa = PBXGroup;
			children = (
				A2094741195E66BE00D48425 /* AppDelegate.swift */,
				A2094743195E66BE00D48425 /* ViewController.swift */,
				A209475E195E66CF00D48425 /* Person.swift */,
				A2094745195E66BE00D48425 /* Main.storyboard */,
				A2094748195E66BE00D48425 /* Images.xcassets */,
				A209473F195E66BE00D48425 /* Supporting Files */,
			);
			path = IntroductionSwift;
			sourceTree = "<group>";
		};
		A209473F195E66BE00D48425 /* Supporting Files */ = {
			isa = PBXGroup;
			children = (
				A2094740195E66BE00D48425 /* Info.plist */,
			);
			name = "Supporting Files";
			sourceTree = "<group>";
		};
		A2094751195E66BF00D48425 /* IntroductionSwiftTests */ = {
			isa = PBXGroup;
			children = (
				A2094754195E66BF00D48425 /* IntroductionSwiftTests.swift */,
				A2094752195E66BF00D48425 /* Supporting Files */,
			);
			path = IntroductionSwiftTests;
			sourceTree = "<group>";
		};
		A2094752195E66BF00D48425 /* Supporting Files */ = {
			isa = PBXGroup;
			children = (
				A2094753195E66BF00D48425 /* Info.plist */,
			);
			name = "Supporting Files";
			sourceTree = "<group>";
		};
/* End PBXGroup section */

/* Begin PBXNativeTarget section */
		A209473B195E66BE00D48425 /* IntroductionSwift */ = {
			isa = PBXNativeTarget;
			buildConfigurationList = A2094758195E66BF00D48425 /* Build configuration list for PBXNativeTarget "IntroductionSwift" */;
			buildPhases = (
				A2094738195E66BE00D48425 /* Sources */,
				A2094739195E66BE00D48425 /* Frameworks */,
				A209473A195E66BE00D48425 /* Resources */,
			);
			buildRules = (
			);
			dependencies = (
			);
			name = IntroductionSwift;
			productName = IntroductionSwift;
			productReference = A209473C195E66BE00D48425 /* IntroductionSwift.app */;
			productType = "com.apple.product-type.application";
		};
		A209474D195E66BF00D48425 /* IntroductionSwiftTests */ = {
			isa = PBXNativeTarget;
			buildConfigurationList = A209475B195E66BF00D48425 /* Build configuration list for PBXNativeTarget "IntroductionSwiftTests" */;
			buildPhases = (
				A209474A195E66BF00D48425 /* Sources */,
				A209474B195E66BF00D48425 /* Frameworks */,
				A209474C195E66BF00D48425 /* Resources */,
			);
			buildRules = (
			);
			dependencies = (
				A2094750195E66BF00D48425 /* PBXTargetDependency */,
			);
			name = IntroductionSwiftTests;
			productName = IntroductionSwiftTests;
			productReference = A209474E195E66BF00D48425 /* IntroductionSwiftTests.xctest */;
			productType = "com.apple.product-type.bundle.unit-test";
		};
/* End PBXNativeTarget section */

/* Begin PBXProject section */
		A2094734195E66BE00D48425 /* Project object */ = {
			isa = PBXProject;
			attributes = {
				LastUpgradeCheck = 0600;
				ORGANIZATIONNAME = "Bradley Johnson";
				TargetAttributes = {
					A209473B195E66BE00D48425 = {
						CreatedOnToolsVersion = 6.0;
					};
					A209474D195E66BF00D48425 = {
						CreatedOnToolsVersion = 6.0;
						TestTargetID = A209473B195E66BE00D48425;
					};
				};
			};
			buildConfigurationList = A2094737195E66BE00D48425 /* Build configuration list for PBXProject "IntroductionSwift" */;
			compatibilityVersion = "Xcode 3.2";
			developmentRegion = English;
			hasScannedForEncodings = 0;
			knownRegions = (
				en,
				Base,
			);
			mainGroup = A2094733195E66BE00D48425;
			productRefGroup = A209473D195E66BE00D48425 /* Products */;
			projectDirPath = "";
			projectRoot = "";
			targets = (
				A209473B195E66BE00D48425 /* IntroductionSwift */,
				A209474D195E66BF00D48425 /* IntroductionSwiftTests */,
			);
		};
/* End PBXProject section */

/* Begin PBXResourcesBuildPhase section */
		A209473A195E66BE00D48425 /* Resources */ = {
			isa = PBXResourcesBuildPhase;
			buildActionMask = 2147483647;
			files = (
				A2094747195E66BE00D48425 /* Main.storyboard in Resources */,
				A2094749195E66BE00D48425 /* Images.xcassets in Resources */,
			);
			runOnlyForDeploymentPostprocessing = 0;
		};
		A209474C195E66BF00D48425 /* Resources */ = {
			isa = PBXResourcesBuildPhase;
			buildActionMask = 2147483647;
			files = (
			);
			runOnlyForDeploymentPostprocessing = 0;
		};
/* End PBXResourcesBuildPhase section */

/* Begin PBXSourcesBuildPhase section */
		A2094738195E66BE00D48425 /* Sources */ = {
			isa = PBXSourcesBuildPhase;
			buildActionMask = 2147483647;
			files = (
				A209475F195E66CF00D48425 /* Person.swift in Sources */,
				A2094744195E66BE00D48425 /* ViewController.swift in Sources */,
				A2094742195E66BE00D48425 /* AppDelegate.swift in Sources */,
			);
			runOnlyForDeploymentPostprocessing = 0;
		};
		A209474A195E66BF00D48425 /* Sources */ = {
			isa = PBXSourcesBuildPhase;
			buildActionMask = 2147483647;
			files = (
				A2094755195E66BF00D48425 /* IntroductionSwiftTests.swift in Sources */,
			);
			runOnlyForDeploymentPostprocessing = 0;
		};
/* End PBXSourcesBuildPhase section */

/* Begin PBXTargetDependency section */
		A2094750195E66BF00D48425 /* PBXTargetDependency */ = {
			isa = PBXTargetDependency;
			target = A209473B195E66BE00D48425 /* IntroductionSwift */;
			targetProxy = A209474F195E66BF00D48425 /* PBXContainerItemProxy */;
		};
/* End PBXTargetDependency section */

/* Begin PBXVariantGroup section */
		A2094745195E66BE00D48425 /* Main.storyboard */ = {
			isa = PBXVariantGroup;
			children = (
				A2094746195E66BE00D48425 /* Base */,
			);
			name = Main.storyboard;
			sourceTree = "<group>";
		};
/* End PBXVariantGroup section */

/* Begin XCBuildConfiguration section */
		A2094756195E66BF00D48425 /* Debug */ = {
			isa = XCBuildConfiguration;
			buildSettings = {
				ALWAYS_SEARCH_USER_PATHS = NO;
				CLANG_CXX_LANGUAGE_STANDARD = "gnu++0x";
				CLANG_CXX_LIBRARY = "libc++";
				CLANG_ENABLE_MODULES = YES;
				CLANG_ENABLE_OBJC_ARC = YES;
				CLANG_WARN_BOOL_CONVERSION = YES;
				CLANG_WARN_CONSTANT_CONVERSION = YES;
				CLANG_WARN_DIRECT_OBJC_ISA_USAGE = YES_ERROR;
				CLANG_WARN_EMPTY_BODY = YES;
				CLANG_WARN_ENUM_CONVERSION = YES;
				CLANG_WARN_INT_CONVERSION = YES;
				CLANG_WARN_OBJC_ROOT_CLASS = YES_ERROR;
				CLANG_WARN_UNREACHABLE_CODE = YES;
				CLANG_WARN__DUPLICATE_METHOD_MATCH = YES;
				"CODE_SIGN_IDENTITY[sdk=iphoneos*]" = "iPhone Developer";
				COPY_PHASE_STRIP = NO;
				ENABLE_STRICT_OBJC_MSGSEND = YES;
				GCC_C_LANGUAGE_STANDARD = gnu99;
				GCC_DYNAMIC_NO_PIC = NO;
				GCC_OPTIMIZATION_LEVEL = 0;
				GCC_PREPROCESSOR_DEFINITIONS = (
					"DEBUG=1",
					"$(inherited)",
				);
				GCC_SYMBOLS_PRIVATE_EXTERN = NO;
				GCC_WARN_64_TO_32_BIT_CONVERSION = YES;
				GCC_WARN_ABOUT_RETURN_TYPE = YES_ERROR;
				GCC_WARN_UNDECLARED_SELECTOR = YES;
				GCC_WARN_UNINITIALIZED_AUTOS = YES_AGGRESSIVE;
				GCC_WARN_UNUSED_FUNCTION = YES;
				GCC_WARN_UNUSED_VARIABLE = YES;
				IPHONEOS_DEPLOYMENT_TARGET = 8.0;
				METAL_ENABLE_DEBUG_INFO = YES;
				ONLY_ACTIVE_ARCH = YES;
				SDKROOT = iphoneos;
				SWIFT_OPTIMIZATION_LEVEL = "-Onone";
				TARGETED_DEVICE_FAMILY = "1,2";
			};
			name = Debug;
		};
		A2094757195E66BF00D48425 /* Release */ = {
			isa = XCBuildConfiguration;
			buildSettings = {
				ALWAYS_SEARCH_USER_PATHS = NO;
				CLANG_CXX_LANGUAGE_STANDARD = "gnu++0x";
				CLANG_CXX_LIBRARY = "libc++";
				CLANG_ENABLE_MODULES = YES;
				CLANG_ENABLE_OBJC_ARC = YES;
				CLANG_WARN_BOOL_CONVERSION = YES;
				CLANG_WARN_CONSTANT_CONVERSION = YES;
				CLANG_WARN_DIRECT_OBJC_ISA_USAGE = YES_ERROR;
				CLANG_WARN_EMPTY_BODY = YES;
				CLANG_WARN_ENUM_CONVERSION = YES;
				CLANG_WARN_INT_CONVERSION = YES;
				CLANG_WARN_OBJC_ROOT_CLASS = YES_ERROR;
				CLANG_WARN_UNREACHABLE_CODE = YES;
				CLANG_WARN__DUPLICATE_METHOD_MATCH = YES;
				"CODE_SIGN_IDENTITY[sdk=iphoneos*]" = "iPhone Developer";
				COPY_PHASE_STRIP = YES;
				ENABLE_NS_ASSERTIONS = NO;
				ENABLE_STRICT_OBJC_MSGSEND = YES;
				GCC_C_LANGUAGE_STANDARD = gnu99;
				GCC_WARN_64_TO_32_BIT_CONVERSION = YES;
				GCC_WARN_ABOUT_RETURN_TYPE = YES_ERROR;
				GCC_WARN_UNDECLARED_SELECTOR = YES;
				GCC_WARN_UNINITIALIZED_AUTOS = YES_AGGRESSIVE;
				GCC_WARN_UNUSED_FUNCTION = YES;
				GCC_WARN_UNUSED_VARIABLE = YES;
				IPHONEOS_DEPLOYMENT_TARGET = 8.0;
				METAL_ENABLE_DEBUG_INFO = NO;
				SDKROOT = iphoneos;
				TARGETED_DEVICE_FAMILY = "1,2";
				VALIDATE_PRODUCT = YES;
			};
			name = Release;
		};
		A2094759195E66BF00D48425 /* Debug */ = {
			isa = XCBuildConfiguration;
			buildSettings = {
				ASSETCATALOG_COMPILER_APPICON_NAME = AppIcon;
				ASSETCATALOG_COMPILER_LAUNCHIMAGE_NAME = LaunchImage;
				INFOPLIST_FILE = IntroductionSwift/Info.plist;
				LD_RUNPATH_SEARCH_PATHS = "$(inherited) @executable_path/Frameworks";
				PRODUCT_NAME = "$(TARGET_NAME)";
			};
			name = Debug;
		};
		A209475A195E66BF00D48425 /* Release */ = {
			isa = XCBuildConfiguration;
			buildSettings = {
				ASSETCATALOG_COMPILER_APPICON_NAME = AppIcon;
				ASSETCATALOG_COMPILER_LAUNCHIMAGE_NAME = LaunchImage;
				INFOPLIST_FILE = IntroductionSwift/Info.plist;
				LD_RUNPATH_SEARCH_PATHS = "$(inherited) @executable_path/Frameworks";
				PRODUCT_NAME = "$(TARGET_NAME)";
			};
			name = Release;
		};
		A209475C195E66BF00D48425 /* Debug */ = {
			isa = XCBuildConfiguration;
			buildSettings = {
				BUNDLE_LOADER = "$(BUILT_PRODUCTS_DIR)/IntroductionSwift.app/IntroductionSwift";
				FRAMEWORK_SEARCH_PATHS = (
					"$(SDKROOT)/Developer/Library/Frameworks",
					"$(inherited)",
				);
				GCC_PREPROCESSOR_DEFINITIONS = (
					"DEBUG=1",
					"$(inherited)",
				);
				INFOPLIST_FILE = IntroductionSwiftTests/Info.plist;
				LD_RUNPATH_SEARCH_PATHS = "$(inherited) @executable_path/Frameworks @loader_path/Frameworks";
				METAL_ENABLE_DEBUG_INFO = YES;
				PRODUCT_NAME = "$(TARGET_NAME)";
				TEST_HOST = "$(BUNDLE_LOADER)";
			};
			name = Debug;
		};
		A209475D195E66BF00D48425 /* Release */ = {
			isa = XCBuildConfiguration;
			buildSettings = {
				BUNDLE_LOADER = "$(BUILT_PRODUCTS_DIR)/IntroductionSwift.app/IntroductionSwift";
				FRAMEWORK_SEARCH_PATHS = (
					"$(SDKROOT)/Developer/Library/Frameworks",
					"$(inherited)",
				);
				INFOPLIST_FILE = IntroductionSwiftTests/Info.plist;
				LD_RUNPATH_SEARCH_PATHS = "$(inherited) @executable_path/Frameworks @loader_path/Frameworks";
				METAL_ENABLE_DEBUG_INFO = NO;
				PRODUCT_NAME = "$(TARGET_NAME)";
				TEST_HOST = "$(BUNDLE_LOADER)";
			};
			name = Release;
		};
/* End XCBuildConfiguration section */

/* Begin XCConfigurationList section */
		A2094737195E66BE00D48425 /* Build configuration list for PBXProject "IntroductionSwift" */ = {
			isa = XCConfigurationList;
			buildConfigurations = (
				A2094756195E66BF00D48425 /* Debug */,
				A2094757195E66BF00D48425 /* Release */,
			);
			defaultConfigurationIsVisible = 0;
			defaultConfigurationName = Release;
		};
		A2094758195E66BF00D48425 /* Build configuration list for PBXNativeTarget "IntroductionSwift" */ = {
			isa = XCConfigurationList;
			buildConfigurations = (
				A2094759195E66BF00D48425 /* Debug */,
				A209475A195E66BF00D48425 /* Release */,
			);
			defaultConfigurationIsVisible = 0;
		};
		A209475B195E66BF00D48425 /* Build configuration list for PBXNativeTarget "IntroductionSwiftTests" */ = {
			isa = XCConfigurationList;
			buildConfigurations = (
				A209475C195E66BF00D48425 /* Debug */,
				A209475D195E66BF00D48425 /* Release */,
			);
			defaultConfigurationIsVisible = 0;
		};
/* End XCConfigurationList section */
	};
	rootObject = A2094734195E66BE00D48425 /* Project object */;
}
